
Microsoft Visual Studio Solution File, Format Version 12.00
# Visual Studio Version 17
VisualStudioVersion = 17.7.34024.191
MinimumVisualStudioVersion = 10.0.40219.1
Project("{FAE04EC0-301F-11D3-BF4B-00C04F79EFBC}") = "EcomercePart2", "EcomercePart2\EcomercePart2.csproj", "{192A1326-E913-4987-951C-909B55B304B8}"
EndProject
Global
	GlobalSection(SolutionConfigurationPlatforms) = preSolution
		Debug|Any CPU = Debug|Any CPU
		Release|Any CPU = Release|Any CPU
	EndGlobalSection
	GlobalSection(ProjectConfigurationPlatforms) = postSolution
		{192A1326-E913-4987-951C-909B55B304B8}.Debug|Any CPU.ActiveCfg = Debug|Any CPU
		{192A1326-E913-4987-951C-909B55B304B8}.Debug|Any CPU.Build.0 = Debug|Any CPU
		{192A1326-E913-4987-951C-909B55B304B8}.Release|Any CPU.ActiveCfg = Release|Any CPU
		{192A1326-E913-4987-951C-909B55B304B8}.Release|Any CPU.Build.0 = Release|Any CPU
	EndGlobalSection
	GlobalSection(SolutionProperties) = preSolution
		HideSolutionNode = FALSE
	EndGlobalSection
	GlobalSection(ExtensibilityGlobals) = postSolution
		SolutionGuid = {148BE8D3-1298-40EC-A69B-088641548BFD}
	EndGlobalSection
EndGlobal
